lockfileVersion: 5.4

specifiers:
  '@types/jquery': ^3.5.14
  '@vitejs/plugin-vue': ^3.1.2
  body-parser: ^1.20.0
  fs-extra: ^10.1.0
  jquery: ^3.6.1
  postcss: ^8.4.16

devDependencies:
  '@types/jquery': registry.npmmirror.com/@types/jquery/3.5.14
  '@vitejs/plugin-vue': registry.npmmirror.com/@vitejs/plugin-vue/3.1.2
  body-parser: 1.20.0
  fs-extra: 10.1.0
  jquery: registry.npmmirror.com/jquery/3.6.1
  postcss: registry.npmmirror.com/postcss/8.4.16

packages:

  /body-parser/1.20.0:
    resolution: {integrity: sha512-DfJ+q6EPcGKZD1QWUjSpqp+Q7bDQTsQIF4zfUAtZ6qk+H/3/QRhg9CEp39ss+/T2vw0+HaidC0ecJj/DRLIaKg==}
    engines: {node: '>= 0.8', npm: 1.2.8000 || >= 1.4.16}
    dependencies:
      bytes: registry.npmmirror.com/bytes/3.1.2
      content-type: 1.0.4
      debug: 2.6.9
      depd: registry.npmmirror.com/depd/2.0.0
      destroy: registry.npmmirror.com/destroy/1.2.0
      http-errors: registry.npmmirror.com/http-errors/2.0.0
      iconv-lite: registry.npmmirror.com/iconv-lite/0.4.24
      on-finished: 2.4.1
      qs: registry.npmmirror.com/qs/6.10.3
      raw-body: registry.npmmirror.com/raw-body/2.5.1
      type-is: 1.6.18
      unpipe: registry.npmmirror.com/unpipe/1.0.0
    transitivePeerDependencies:
      - supports-color
    dev: true

  /call-bind/1.0.2:
    resolution: {integrity: sha512-7O+FbCihrB5WGbFYesctwmTKae6rOiIzmz1icreWJ+0aA7LJfuqhEso2T9ncpcFtzMQtzXf2QGGueWJGTYsqrA==}
    dependencies:
      function-bind: 1.1.1
      get-intrinsic: 1.1.2
    dev: true

  /content-type/1.0.4:
    resolution: {integrity: sha512-hIP3EEPs8tB9AT1L+NUqtwOAps4mk2Zob89MWXMHjHWg9milF/j4osnnQLXBCBFBk/tvIG/tUc9mOUJiPBhPXA==}
    engines: {node: '>= 0.6'}
    dev: true

  /debug/2.6.9:
    resolution: {integrity: sha512-bC7ElrdJaJnPbAP+1EotYvqZsb3ecl5wi6Bfi6BJTUcNowp6cvspg0jXznRTKDjm/E7AdgFBVeAPVMNcKGsHMA==}
    peerDependencies:
      supports-color: '*'
    peerDependenciesMeta:
      supports-color:
        optional: true
    dependencies:
      ms: 2.0.0
    dev: true

  /fs-extra/10.1.0:
    resolution: {integrity: sha512-oRXApq54ETRj4eMiFzGnHWGy+zo5raudjuxN0b8H7s/RU2oW0Wvsx9O0ACRN/kRq9E8Vu/ReskGB5o3ji+FzHQ==}
    engines: {node: '>=12'}
    dependencies:
      graceful-fs: 4.2.10
      jsonfile: 6.1.0
      universalify: 2.0.0
    dev: true

  /function-bind/1.1.1:
    resolution: {integrity: sha512-yIovAzMX49sF8Yl58fSCWJ5svSLuaibPxXQJFLmBObTuCr0Mf1KiPopGM9NiFjiYBCbfaa2Fh6breQ6ANVTI0A==}
    dev: true

  /get-intrinsic/1.1.2:
    resolution: {integrity: sha512-Jfm3OyCxHh9DJyc28qGk+JmfkpO41A4XkneDSujN9MDXrm4oDKdHvndhZ2dN94+ERNfkYJWDclW6k2L/ZGHjXA==}
    dependencies:
      function-bind: 1.1.1
      has: 1.0.3
      has-symbols: 1.0.3
    dev: true

  /graceful-fs/4.2.10:
    resolution: {integrity: sha512-9ByhssR2fPVsNZj478qUUbKfmL0+t5BDVyjShtyZZLiK7ZDAArFFfopyOTj0M05wE2tJPisA4iTnnXl2YoPvOA==}
    dev: true

  /has-symbols/1.0.3:
    resolution: {integrity: sha512-l3LCuF6MgDNwTDKkdYGEihYjt5pRPbEg46rtlmnSPlUbgmB8LOIrKJbYYFBSbnPaJexMKtiPO8hmeRjRz2Td+A==}
    engines: {node: '>= 0.4'}
    dev: true

  /has/1.0.3:
    resolution: {integrity: sha512-f2dvO0VU6Oej7RkWJGrehjbzMAjFp5/VKPp5tTpWIV4JHHZK1/BxbFRtf/siA2SWTe09caDmVtYYzWEIbBS4zw==}
    engines: {node: '>= 0.4.0'}
    dependencies:
      function-bind: 1.1.1
    dev: true

  /inherits/2.0.4:
    resolution: {integrity: sha512-k/vGaX4/Yla3WzyMCvTQOXYeIHvqOKtnqBduzTHpzpQZzAskKMhZ2K+EnBiSM9zGSoIFeMpXKxa4dYeZIQqewQ==}
    dev: true

  /jsonfile/6.1.0:
    resolution: {integrity: sha512-5dgndWOriYSm5cnYaJNhalLNDKOqFwyDB/rr1E9ZsGciGvKPs8R2xYGCacuf3z6K1YKDz182fd+fY3cn3pMqXQ==}
    dependencies:
      universalify: 2.0.0
    optionalDependencies:
      graceful-fs: 4.2.10
    dev: true

  /media-typer/0.3.0:
    resolution: {integrity: sha512-dq+qelQ9akHpcOl/gUVRTxVIOkAJ1wR3QAvb4RsVjS8oVoFjDGTc679wJYmUmknUF5HwMLOgb5O+a3KxfWapPQ==}
    engines: {node: '>= 0.6'}
    dev: true

  /mime-types/2.1.35:
    resolution: {integrity: sha512-ZDY+bPm5zTTF+YpCrAU9nK0UgICYPT0QtT1NZWFv4s++TNkcgVaT0g6+4R2uI4MjQjzysHB1zxuWL50hzaeXiw==}
    engines: {node: '>= 0.6'}
    dependencies:
      mime-db: registry.npmmirror.com/mime-db/1.52.0
    dev: true

  /ms/2.0.0:
    resolution: {integrity: sha512-Tpp60P6IUJDTuOq/5Z8cdskzJujfwqfOTkrwIwj7IRISpnkJnT6SyJ4PCPnGMoFjC9ddhal5KVIYtAt97ix05A==}
    dev: true

  /nanoid/3.3.4:
    resolution: {integrity: sha512-MqBkQh/OHTS2egovRtLk45wEyNXwF+cokD+1YPf9u5VfJiRdAiRwB2froX5Co9Rh20xs4siNPm8naNotSD6RBw==}
    engines: {node: ^10 || ^12 || ^13.7 || ^14 || >=15.0.1}
    hasBin: true
    dev: true

  /object-inspect/1.12.2:
    resolution: {integrity: sha512-z+cPxW0QGUp0mcqcsgQyLVRDoXFQbXOwBaqyF7VIgI4TWNQsDHrBpUQslRmIfAoYWdYzs6UlKJtB2XJpTaNSpQ==}
    dev: true

  /on-finished/2.4.1:
    resolution: {integrity: sha512-oVlzkg3ENAhCk2zdv7IJwd/QUD4z2RxRwpkcGY8psCVcCYZNq4wYnVWALHM+brtuJjePWiYF/ClmuDr8Ch5+kg==}
    engines: {node: '>= 0.8'}
    dependencies:
      ee-first: registry.npmmirror.com/ee-first/1.1.1
    dev: true

  /picocolors/1.0.0:
    resolution: {integrity: sha512-1fygroTLlHu66zi26VoTDv8yRgm0Fccecssto+MhsZ0D/DGW2sm8E8AjW7NU5VVTRt5GxbeZ5qBuJr+HyLYkjQ==}
    dev: true

  /safer-buffer/2.1.2:
    resolution: {integrity: sha512-YZo3K82SD7Riyi0E1EQPojLz7kpepnSQI9IyPbHHg1XXXevb5dJI7tpyN2ADxGcQbHG7vcyRHk0cbwqcQriUtg==}
    dev: true

  /side-channel/1.0.4:
    resolution: {integrity: sha512-q5XPytqFEIKHkGdiMIrY10mvLRvnQh42/+GoBlFW3b2LXLE2xxJpZFdm94we0BaoV3RwJyGqg5wS7epxTv0Zvw==}
    dependencies:
      call-bind: 1.0.2
      get-intrinsic: 1.1.2
      object-inspect: 1.12.2
    dev: true

  /type-is/1.6.18:
    resolution: {integrity: sha512-TkRKr9sUTxEH8MdfuCSP7VizJyzRNMjj2J2do2Jr3Kym598JVdEksuzPQCnlFPW4ky9Q+iA+ma9BGm06XQBy8g==}
    engines: {node: '>= 0.6'}
    dependencies:
      media-typer: 0.3.0
      mime-types: 2.1.35
    dev: true

  /universalify/2.0.0:
    resolution: {integrity: sha512-hAZsKq7Yy11Zu1DE0OzWjw7nnLZmJZYTDZZyEFHZdUhV8FkH5MCfoU1XMaxXovpyW5nq5scPqq0ZDP9Zyl04oQ==}
    engines: {node: '>= 10.0.0'}
    dev: true

  registry.npmmirror.com/@types/jquery/3.5.14:
    resolution: {integrity: sha512-X1gtMRMbziVQkErhTQmSe2jFwwENA/Zr+PprCkF63vFq+Yt5PZ4AlKqgmeNlwgn7dhsXEK888eIW2520EpC+xg==, registry: https://packages.aliyun.com/5f9b79aa9cffa29cfdd3dda7/npm/npm-registry/, tarball: https://registry.npmmirror.com/@types/jquery/-/jquery-3.5.14.tgz}
    name: '@types/jquery'
    version: 3.5.14
    dependencies:
      '@types/sizzle': registry.npmmirror.com/@types/sizzle/2.3.3
    dev: true

  registry.npmmirror.com/@types/sizzle/2.3.3:
    resolution: {integrity: sha512-JYM8x9EGF163bEyhdJBpR2QX1R5naCJHC8ucJylJ3w9/CVBaskdQ8WqBf8MmQrd1kRvp/a4TS8HJ+bxzR7ZJYQ==, registry: https://packages.aliyun.com/5f9b79aa9cffa29cfdd3dda7/npm/npm-registry/, tarball: https://registry.npmmirror.com/@types/sizzle/-/sizzle-2.3.3.tgz}
    name: '@types/sizzle'
    version: 2.3.3
    dev: true

  registry.npmmirror.com/@vitejs/plugin-vue/3.1.2:
    resolution: {integrity: sha512-3zxKNlvA3oNaKDYX0NBclgxTQ1xaFdL7PzwF6zj9tGFziKwmBa3Q/6XcJQxudlT81WxDjEhHmevvIC4Orc1LhQ==, registry: https://packages.aliyun.com/5f9b79aa9cffa29cfdd3dda7/npm/npm-registry/, tarball: https://registry.npmmirror.com/@vitejs/plugin-vue/-/plugin-vue-3.1.2.tgz}
    name: '@vitejs/plugin-vue'
    version: 3.1.2
    engines: {node: ^14.18.0 || >=16.0.0}
    peerDependencies:
      vite: ^3.0.0
      vue: ^3.2.25
    dev: true

  registry.npmmirror.com/bytes/3.1.2:
    resolution: {integrity: sha512-/Nf7TyzTx6S3yRJObOAV7956r8cr2+Oj8AC5dt8wSP3BQAoeX58NoHyCU8P8zGkNXStjTSi6fzO6F0pBdcYbEg==, registry: https://packages.aliyun.com/5f9b79aa9cffa29cfdd3dda7/npm/npm-registry/, tarball: https://registry.npmmirror.com/bytes/-/bytes-3.1.2.tgz}
    name: bytes
    version: 3.1.2
    engines: {node: '>= 0.8'}
    dev: true

  registry.npmmirror.com/depd/2.0.0:
    resolution: {integrity: sha512-g7nH6P6dyDioJogAAGprGpCtVImJhpPk/roCzdb3fIh61/s/nPsfR6onyMwkCAR/OlC3yBC0lESvUoQEAssIrw==, registry: https://packages.aliyun.com/5f9b79aa9cffa29cfdd3dda7/npm/npm-registry/, tarball: https://registry.npmmirror.com/depd/-/depd-2.0.0.tgz}
    name: depd
    version: 2.0.0
    engines: {node: '>= 0.8'}
    dev: true

  registry.npmmirror.com/destroy/1.2.0:
    resolution: {integrity: sha512-2sJGJTaXIIaR1w4iJSNoN0hnMY7Gpc/n8D4qSCJw8QqFWXf7cuAgnEHxBpweaVcPevC2l3KpjYCx3NypQQgaJg==, registry: https://packages.aliyun.com/5f9b79aa9cffa29cfdd3dda7/npm/npm-registry/, tarball: https://registry.npmmirror.com/destroy/-/destroy-1.2.0.tgz}
    name: destroy
    version: 1.2.0
    engines: {node: '>= 0.8', npm: 1.2.8000 || >= 1.4.16}
    dev: true

  registry.npmmirror.com/ee-first/1.1.1:
    resolution: {integrity: sha512-WMwm9LhRUo+WUaRN+vRuETqG89IgZphVSNkdFgeb6sS/E4OrDIN7t48CAewSHXc6C8lefD8KKfr5vY61brQlow==, registry: https://packages.aliyun.com/5f9b79aa9cffa29cfdd3dda7/npm/npm-registry/, tarball: https://registry.npmmirror.com/ee-first/-/ee-first-1.1.1.tgz}
    name: ee-first
    version: 1.1.1
    dev: true

  registry.npmmirror.com/http-errors/2.0.0:
    resolution: {integrity: sha512-FtwrG/euBzaEjYeRqOgly7G0qviiXoJWnvEH2Z1plBdXgbyjv34pHTSb9zoeHMyDy33+DWy5Wt9Wo+TURtOYSQ==, registry: https://packages.aliyun.com/5f9b79aa9cffa29cfdd3dda7/npm/npm-registry/, tarball: https://registry.npmmirror.com/http-errors/-/http-errors-2.0.0.tgz}
    name: http-errors
    version: 2.0.0
    engines: {node: '>= 0.8'}
    dependencies:
      depd: registry.npmmirror.com/depd/2.0.0
      inherits: 2.0.4
      setprototypeof: registry.npmmirror.com/setprototypeof/1.2.0
      statuses: registry.npmmirror.com/statuses/2.0.1
      toidentifier: registry.npmmirror.com/toidentifier/1.0.1
    dev: true

  registry.npmmirror.com/iconv-lite/0.4.24:
    resolution: {integrity: sha512-v3MXnZAcvnywkTUEZomIActle7RXXeedOR31wwl7VlyoXO4Qi9arvSenNQWne1TcRwhCL1HwLI21bEqdpj8/rA==, registry: https://packages.aliyun.com/5f9b79aa9cffa29cfdd3dda7/npm/npm-registry/, tarball: https://registry.npmmirror.com/iconv-lite/-/iconv-lite-0.4.24.tgz}
    name: iconv-lite
    version: 0.4.24
    engines: {node: '>=0.10.0'}
    dependencies:
      safer-buffer: 2.1.2
    dev: true

  registry.npmmirror.com/jquery/3.6.1:
    resolution: {integrity: sha512-opJeO4nCucVnsjiXOE+/PcCgYw9Gwpvs/a6B1LL/lQhwWwpbVEVYDZ1FokFr8PRc7ghYlrFPuyHuiiDNTQxmcw==, registry: https://packages.aliyun.com/5f9b79aa9cffa29cfdd3dda7/npm/npm-registry/, tarball: https://registry.npmmirror.com/jquery/-/jquery-3.6.1.tgz}
    name: jquery
    version: 3.6.1
    dev: true

  registry.npmmirror.com/mime-db/1.52.0:
    resolution: {integrity: sha512-sPU4uV7dYlvtWJxwwxHD0PuihVNiE7TyAbQ5SWxDCB9mUYvOgroQOwYQQOKPJ8CIbE+1ETVlOoK1UC2nU3gYvg==, registry: https://packages.aliyun.com/5f9b79aa9cffa29cfdd3dda7/npm/npm-registry/, tarball: https://registry.npmmirror.com/mime-db/-/mime-db-1.52.0.tgz}
    name: mime-db
    version: 1.52.0
    engines: {node: '>= 0.6'}
    dev: true

  registry.npmmirror.com/postcss/8.4.16:
    resolution: {integrity: sha512-ipHE1XBvKzm5xI7hiHCZJCSugxvsdq2mPnsq5+UF+VHCjiBvtDrlxJfMBToWaP9D5XlgNmcFGqoHmUn0EYEaRQ==, registry: https://packages.aliyun.com/5f9b79aa9cffa29cfdd3dda7/npm/npm-registry/, tarball: https://registry.npmmirror.com/postcss/-/postcss-8.4.16.tgz}
    name: postcss
    version: 8.4.16
    engines: {node: ^10 || ^12 || >=14}
    dependencies:
      nanoid: 3.3.4
      picocolors: 1.0.0
      source-map-js: registry.npmmirror.com/source-map-js/1.0.2
    dev: true

  registry.npmmirror.com/qs/6.10.3:
    resolution: {integrity: sha512-wr7M2E0OFRfIfJZjKGieI8lBKb7fRCH4Fv5KNPEs7gJ8jadvotdsS08PzOKR7opXhZ/Xkjtt3WF9g38drmyRqQ==, registry: https://packages.aliyun.com/5f9b79aa9cffa29cfdd3dda7/npm/npm-registry/, tarball: https://registry.npmmirror.com/qs/-/qs-6.10.3.tgz}
    name: qs
    version: 6.10.3
    engines: {node: '>=0.6'}
    dependencies:
      side-channel: 1.0.4
    dev: true

  registry.npmmirror.com/raw-body/2.5.1:
    resolution: {integrity: sha512-qqJBtEyVgS0ZmPGdCFPWJ3FreoqvG4MVQln/kCgF7Olq95IbOp0/BWyMwbdtn4VTvkM8Y7khCQ2Xgk/tcrCXig==, registry: https://packages.aliyun.com/5f9b79aa9cffa29cfdd3dda7/npm/npm-registry/, tarball: https://registry.npmmirror.com/raw-body/-/raw-body-2.5.1.tgz}
    name: raw-body
    version: 2.5.1
    engines: {node: '>= 0.8'}
    dependencies:
      bytes: registry.npmmirror.com/bytes/3.1.2
      http-errors: registry.npmmirror.com/http-errors/2.0.0
      iconv-lite: registry.npmmirror.com/iconv-lite/0.4.24
      unpipe: registry.npmmirror.com/unpipe/1.0.0
    dev: true

  registry.npmmirror.com/setprototypeof/1.2.0:
    resolution: {integrity: sha512-E5LDX7Wrp85Kil5bhZv46j8jOeboKq5JMmYM3gVGdGH8xFpPWXUMsNrlODCrkoxMEeNi/XZIwuRvY4XNwYMJpw==, registry: https://packages.aliyun.com/5f9b79aa9cffa29cfdd3dda7/npm/npm-registry/, tarball: https://registry.npmmirror.com/setprototypeof/-/setprototypeof-1.2.0.tgz}
    name: setprototypeof
    version: 1.2.0
    dev: true

  registry.npmmirror.com/source-map-js/1.0.2:
    resolution: {integrity: sha512-R0XvVJ9WusLiqTCEiGCmICCMplcCkIwwR11mOSD9CR5u+IXYdiseeEuXCVAjS54zqwkLcPNnmU4OeJ6tUrWhDw==, registry: https://packages.aliyun.com/5f9b79aa9cffa29cfdd3dda7/npm/npm-registry/, tarball: https://registry.npmmirror.com/source-map-js/-/source-map-js-1.0.2.tgz}
    name: source-map-js
    version: 1.0.2
    engines: {node: '>=0.10.0'}
    dev: true

  registry.npmmirror.com/statuses/2.0.1:
    resolution: {integrity: sha512-RwNA9Z/7PrK06rYLIzFMlaF+l73iwpzsqRIFgbMLbTcLD6cOao82TaWefPXQvB2fOC4AjuYSEndS7N/mTCbkdQ==, registry: https://packages.aliyun.com/5f9b79aa9cffa29cfdd3dda7/npm/npm-registry/, tarball: https://registry.npmmirror.com/statuses/-/statuses-2.0.1.tgz}
    name: statuses
    version: 2.0.1
    engines: {node: '>= 0.8'}
    dev: true

  registry.npmmirror.com/toidentifier/1.0.1:
    resolution: {integrity: sha512-o5sSPKEkg/DIQNmH43V0/uerLrpzVedkUh8tGNvaeXpfpuwjKenlSox/2O/BTlZUtEe+JG7s5YhEz608PlAHRA==, registry: https://packages.aliyun.com/5f9b79aa9cffa29cfdd3dda7/npm/npm-registry/, tarball: https://registry.npmmirror.com/toidentifier/-/toidentifier-1.0.1.tgz}
    name: toidentifier
    version: 1.0.1
    engines: {node: '>=0.6'}
    dev: true

  registry.npmmirror.com/unpipe/1.0.0:
    resolution: {integrity: sha512-pjy2bYhSsufwWlKwPc+l3cN7+wuJlK6uz0YdJEOlQDbl6jo/YlPi4mb8agUkVC8BF7V8NuzeyPNqRksA3hztKQ==, registry: https://packages.aliyun.com/5f9b79aa9cffa29cfdd3dda7/npm/npm-registry/, tarball: https://registry.npmmirror.com/unpipe/-/unpipe-1.0.0.tgz}
    name: unpipe
    version: 1.0.0
    engines: {node: '>= 0.8'}
    dev: true
